// !$*UTF8*$!
{
	archiveVersion = 1;
	classes = {
	};
	objectVersion = 56;
	objects = {

/* Begin PBXBuildFile section */
		1862353D2CFEBCD1000CEA16 /* AppDelegate.swift in Sources */ = {isa = PBXBuildFile; fileRef = 1862353C2CFEBCD1000CEA16 /* AppDelegate.swift */; };
		1862353F2CFEBCD1000CEA16 /* SceneDelegate.swift in Sources */ = {isa = PBXBuildFile; fileRef = 1862353E2CFEBCD1000CEA16 /* SceneDelegate.swift */; };
		186235412CFEBCD1000CEA16 /* WeatherViewController.swift in Sources */ = {isa = PBXBuildFile; fileRef = 186235402CFEBCD1000CEA16 /* WeatherViewController.swift */; };
		186235472CFEBCD1000CEA16 /* TS_Weather.xcdatamodeld in Sources */ = {isa = PBXBuildFile; fileRef = 186235452CFEBCD1000CEA16 /* TS_Weather.xcdatamodeld */; };
		186235492CFEBCD2000CEA16 /* Assets.xcassets in Resources */ = {isa = PBXBuildFile; fileRef = 186235482CFEBCD2000CEA16 /* Assets.xcassets */; };
		186235552CFECB63000CEA16 /* SnapKit in Frameworks */ = {isa = PBXBuildFile; productRef = 186235542CFECB63000CEA16 /* SnapKit */; };
		1862355B2CFECDCA000CEA16 /* MainView.swift in Sources */ = {isa = PBXBuildFile; fileRef = 1862355A2CFECDCA000CEA16 /* MainView.swift */; };
		1862355E2CFECFD8000CEA16 /* CurrentLocationWeatherCVCell.swift in Sources */ = {isa = PBXBuildFile; fileRef = 1862355D2CFECFD8000CEA16 /* CurrentLocationWeatherCVCell.swift */; };
		186235602CFED02B000CEA16 /* ReuseIdentifying.swift in Sources */ = {isa = PBXBuildFile; fileRef = 1862355F2CFED02B000CEA16 /* ReuseIdentifying.swift */; };
		186235642CFED9EF000CEA16 /* UIView+Extension.swift in Sources */ = {isa = PBXBuildFile; fileRef = 186235632CFED9EF000CEA16 /* UIView+Extension.swift */; };
		186235662CFEDA1A000CEA16 /* UIStackView+Extension.swift in Sources */ = {isa = PBXBuildFile; fileRef = 186235652CFEDA1A000CEA16 /* UIStackView+Extension.swift */; };
		186235692CFEDF27000CEA16 /* WeatherImageCVCell.swift in Sources */ = {isa = PBXBuildFile; fileRef = 186235682CFEDF27000CEA16 /* WeatherImageCVCell.swift */; };
		1862356B2CFEEBE5000CEA16 /* WeatherForecastListCVCell.swift in Sources */ = {isa = PBXBuildFile; fileRef = 1862356A2CFEEBE5000CEA16 /* WeatherForecastListCVCell.swift */; };
		1862356D2CFEECD8000CEA16 /* WeatherForecastTVCell.swift in Sources */ = {isa = PBXBuildFile; fileRef = 1862356C2CFEECD8000CEA16 /* WeatherForecastTVCell.swift */; };
		186235742CFF0F93000CEA16 /* WeatherResponse.swift in Sources */ = {isa = PBXBuildFile; fileRef = 186235732CFF0F93000CEA16 /* WeatherResponse.swift */; };
		186235792CFF194F000CEA16 /* NetworkingManager.swift in Sources */ = {isa = PBXBuildFile; fileRef = 186235782CFF194F000CEA16 /* NetworkingManager.swift */; };
		1862357C2CFF21BF000CEA16 /* Bundle+Extension.swift in Sources */ = {isa = PBXBuildFile; fileRef = 1862357B2CFF21BF000CEA16 /* Bundle+Extension.swift */; };
		1862357F2D0026F7000CEA16 /* WeatherViewModel.swift in Sources */ = {isa = PBXBuildFile; fileRef = 1862357E2D0026F7000CEA16 /* WeatherViewModel.swift */; };
/* End PBXBuildFile section */

/* Begin PBXFileReference section */
		186235392CFEBCD1000CEA16 /* TS_Weather.app */ = {isa = PBXFileReference; explicitFileType = wrapper.application; includeInIndex = 0; path = TS_Weather.app; sourceTree = BUILT_PRODUCTS_DIR; };
		1862353C2CFEBCD1000CEA16 /* AppDelegate.swift */ = {isa = PBXFileReference; lastKnownFileType = sourcecode.swift; path = AppDelegate.swift; sourceTree = "<group>"; };
		1862353E2CFEBCD1000CEA16 /* SceneDelegate.swift */ = {isa = PBXFileReference; lastKnownFileType = sourcecode.swift; path = SceneDelegate.swift; sourceTree = "<group>"; };
		186235402CFEBCD1000CEA16 /* WeatherViewController.swift */ = {isa = PBXFileReference; lastKnownFileType = sourcecode.swift; path = WeatherViewController.swift; sourceTree = "<group>"; };
		186235462CFEBCD1000CEA16 /* TS_Weather.xcdatamodel */ = {isa = PBXFileReference; lastKnownFileType = wrapper.xcdatamodel; path = TS_Weather.xcdatamodel; sourceTree = "<group>"; };
		186235482CFEBCD2000CEA16 /* Assets.xcassets */ = {isa = PBXFileReference; lastKnownFileType = folder.assetcatalog; path = Assets.xcassets; sourceTree = "<group>"; };
		1862354D2CFEBCD2000CEA16 /* Info.plist */ = {isa = PBXFileReference; lastKnownFileType = text.plist.xml; path = Info.plist; sourceTree = "<group>"; };
		1862355A2CFECDCA000CEA16 /* MainView.swift */ = {isa = PBXFileReference; lastKnownFileType = sourcecode.swift; path = MainView.swift; sourceTree = "<group>"; };
		1862355D2CFECFD8000CEA16 /* CurrentLocationWeatherCVCell.swift */ = {isa = PBXFileReference; lastKnownFileType = sourcecode.swift; path = CurrentLocationWeatherCVCell.swift; sourceTree = "<group>"; };
		1862355F2CFED02B000CEA16 /* ReuseIdentifying.swift */ = {isa = PBXFileReference; lastKnownFileType = sourcecode.swift; path = ReuseIdentifying.swift; sourceTree = "<group>"; };
		186235632CFED9EF000CEA16 /* UIView+Extension.swift */ = {isa = PBXFileReference; lastKnownFileType = sourcecode.swift; path = "UIView+Extension.swift"; sourceTree = "<group>"; };
		186235652CFEDA1A000CEA16 /* UIStackView+Extension.swift */ = {isa = PBXFileReference; lastKnownFileType = sourcecode.swift; path = "UIStackView+Extension.swift"; sourceTree = "<group>"; };
		186235682CFEDF27000CEA16 /* WeatherImageCVCell.swift */ = {isa = PBXFileReference; lastKnownFileType = sourcecode.swift; path = WeatherImageCVCell.swift; sourceTree = "<group>"; };
		1862356A2CFEEBE5000CEA16 /* WeatherForecastListCVCell.swift */ = {isa = PBXFileReference; lastKnownFileType = sourcecode.swift; path = WeatherForecastListCVCell.swift; sourceTree = "<group>"; };
		1862356C2CFEECD8000CEA16 /* WeatherForecastTVCell.swift */ = {isa = PBXFileReference; lastKnownFileType = sourcecode.swift; path = WeatherForecastTVCell.swift; sourceTree = "<group>"; };
		186235732CFF0F93000CEA16 /* WeatherResponse.swift */ = {isa = PBXFileReference; lastKnownFileType = sourcecode.swift; path = WeatherResponse.swift; sourceTree = "<group>"; };
		186235782CFF194F000CEA16 /* NetworkingManager.swift */ = {isa = PBXFileReference; lastKnownFileType = sourcecode.swift; path = NetworkingManager.swift; sourceTree = "<group>"; };
		1862357A2CFF1FB8000CEA16 /* Secrets.xcconfig */ = {isa = PBXFileReference; lastKnownFileType = text.xcconfig; path = Secrets.xcconfig; sourceTree = "<group>"; };
		1862357B2CFF21BF000CEA16 /* Bundle+Extension.swift */ = {isa = PBXFileReference; lastKnownFileType = sourcecode.swift; path = "Bundle+Extension.swift"; sourceTree = "<group>"; };
		1862357E2D0026F7000CEA16 /* WeatherViewModel.swift */ = {isa = PBXFileReference; lastKnownFileType = sourcecode.swift; path = WeatherViewModel.swift; sourceTree = "<group>"; };
/* End PBXFileReference section */

/* Begin PBXFrameworksBuildPhase section */
		186235362CFEBCD1000CEA16 /* Frameworks */ = {
			isa = PBXFrameworksBuildPhase;
			buildActionMask = 2147483647;
			files = (
				186235552CFECB63000CEA16 /* SnapKit in Frameworks */,
			);
			runOnlyForDeploymentPostprocessing = 0;
		};
/* End PBXFrameworksBuildPhase section */

/* Begin PBXGroup section */
		186235302CFEBCD1000CEA16 = {
			isa = PBXGroup;
			children = (
				1862357A2CFF1FB8000CEA16 /* Secrets.xcconfig */,
				1862353B2CFEBCD1000CEA16 /* TS_Weather */,
				1862353A2CFEBCD1000CEA16 /* Products */,
			);
			sourceTree = "<group>";
		};
		1862353A2CFEBCD1000CEA16 /* Products */ = {
			isa = PBXGroup;
			children = (
				186235392CFEBCD1000CEA16 /* TS_Weather.app */,
			);
			name = Products;
			sourceTree = "<group>";
		};
		1862353B2CFEBCD1000CEA16 /* TS_Weather */ = {
			isa = PBXGroup;
			children = (
				186235672CFEDA39000CEA16 /* Support */,
				1862356F2CFF0AD8000CEA16 /* Util */,
				186235702CFF0F65000CEA16 /* Data */,
				186235572CFECD1D000CEA16 /* Screen */,
				1862356E2CFF0ABD000CEA16 /* Resource */,
			);
			path = TS_Weather;
			sourceTree = "<group>";
		};
		186235562CFECD06000CEA16 /* View */ = {
			isa = PBXGroup;
			children = (
				1862355A2CFECDCA000CEA16 /* MainView.swift */,
			);
			path = View;
			sourceTree = "<group>";
		};
		186235572CFECD1D000CEA16 /* Screen */ = {
			isa = PBXGroup;
			children = (
				1862357D2D0026E5000CEA16 /* ViewModel */,
				1862355C2CFECF89000CEA16 /* Cells */,
				186235562CFECD06000CEA16 /* View */,
				186235402CFEBCD1000CEA16 /* WeatherViewController.swift */,
			);
			path = Screen;
			sourceTree = "<group>";
		};
		1862355C2CFECF89000CEA16 /* Cells */ = {
			isa = PBXGroup;
			children = (
				1862355D2CFECFD8000CEA16 /* CurrentLocationWeatherCVCell.swift */,
				186235682CFEDF27000CEA16 /* WeatherImageCVCell.swift */,
				1862356A2CFEEBE5000CEA16 /* WeatherForecastListCVCell.swift */,
				1862356C2CFEECD8000CEA16 /* WeatherForecastTVCell.swift */,
			);
			path = Cells;
			sourceTree = "<group>";
		};
		186235612CFED050000CEA16 /* Protocols */ = {
			isa = PBXGroup;
			children = (
				1862355F2CFED02B000CEA16 /* ReuseIdentifying.swift */,
			);
			path = Protocols;
			sourceTree = "<group>";
		};
		186235622CFED7B2000CEA16 /* Extensions */ = {
			isa = PBXGroup;
			children = (
				186235632CFED9EF000CEA16 /* UIView+Extension.swift */,
				186235652CFEDA1A000CEA16 /* UIStackView+Extension.swift */,
				1862357B2CFF21BF000CEA16 /* Bundle+Extension.swift */,
			);
			path = Extensions;
			sourceTree = "<group>";
		};
		186235672CFEDA39000CEA16 /* Support */ = {
			isa = PBXGroup;
			children = (
				1862353C2CFEBCD1000CEA16 /* AppDelegate.swift */,
				1862353E2CFEBCD1000CEA16 /* SceneDelegate.swift */,
				1862354D2CFEBCD2000CEA16 /* Info.plist */,
			);
			path = Support;
			sourceTree = "<group>";
		};
		1862356E2CFF0ABD000CEA16 /* Resource */ = {
			isa = PBXGroup;
			children = (
				186235482CFEBCD2000CEA16 /* Assets.xcassets */,
				186235452CFEBCD1000CEA16 /* TS_Weather.xcdatamodeld */,
			);
			path = Resource;
			sourceTree = "<group>";
		};
		1862356F2CFF0AD8000CEA16 /* Util */ = {
			isa = PBXGroup;
			children = (
				186235622CFED7B2000CEA16 /* Extensions */,
				186235612CFED050000CEA16 /* Protocols */,
			);
			path = Util;
			sourceTree = "<group>";
		};
		186235702CFF0F65000CEA16 /* Data */ = {
			isa = PBXGroup;
			children = (
				186235752CFF1826000CEA16 /* API */,
				186235712CFF0F70000CEA16 /* Domain */,
			);
			path = Data;
			sourceTree = "<group>";
		};
		186235712CFF0F70000CEA16 /* Domain */ = {
			isa = PBXGroup;
			children = (
				186235722CFF0F85000CEA16 /* Entity */,
			);
			path = Domain;
			sourceTree = "<group>";
		};
		186235722CFF0F85000CEA16 /* Entity */ = {
			isa = PBXGroup;
			children = (
				186235732CFF0F93000CEA16 /* WeatherResponse.swift */,
			);
			path = Entity;
			sourceTree = "<group>";
		};
		186235752CFF1826000CEA16 /* API */ = {
			isa = PBXGroup;
			children = (
				186235782CFF194F000CEA16 /* NetworkingManager.swift */,
			);
			path = API;
			sourceTree = "<group>";
		};
		1862357D2D0026E5000CEA16 /* ViewModel */ = {
			isa = PBXGroup;
			children = (
				1862357E2D0026F7000CEA16 /* WeatherViewModel.swift */,
			);
			path = ViewModel;
			sourceTree = "<group>";
		};
/* End PBXGroup section */

/* Begin PBXNativeTarget section */
		186235382CFEBCD1000CEA16 /* TS_Weather */ = {
			isa = PBXNativeTarget;
			buildConfigurationList = 186235502CFEBCD2000CEA16 /* Build configuration list for PBXNativeTarget "TS_Weather" */;
			buildPhases = (
				186235352CFEBCD1000CEA16 /* Sources */,
				186235362CFEBCD1000CEA16 /* Frameworks */,
				186235372CFEBCD1000CEA16 /* Resources */,
			);
			buildRules = (
			);
			dependencies = (
			);
			name = TS_Weather;
			packageProductDependencies = (
				186235542CFECB63000CEA16 /* SnapKit */,
			);
			productName = TS_Weather;
			productReference = 186235392CFEBCD1000CEA16 /* TS_Weather.app */;
			productType = "com.apple.product-type.application";
		};
/* End PBXNativeTarget section */

/* Begin PBXProject section */
		186235312CFEBCD1000CEA16 /* Project object */ = {
			isa = PBXProject;
			attributes = {
				BuildIndependentTargetsInParallel = 1;
				LastSwiftUpdateCheck = 1540;
				LastUpgradeCheck = 1540;
				TargetAttributes = {
					186235382CFEBCD1000CEA16 = {
						CreatedOnToolsVersion = 15.4;
					};
				};
			};
			buildConfigurationList = 186235342CFEBCD1000CEA16 /* Build configuration list for PBXProject "TS_Weather" */;
			compatibilityVersion = "Xcode 14.0";
			developmentRegion = en;
			hasScannedForEncodings = 0;
			knownRegions = (
				en,
				Base,
			);
			mainGroup = 186235302CFEBCD1000CEA16;
			packageReferences = (
				186235532CFECB63000CEA16 /* XCRemoteSwiftPackageReference "SnapKit" */,
			);
			productRefGroup = 1862353A2CFEBCD1000CEA16 /* Products */;
			projectDirPath = "";
			projectRoot = "";
			targets = (
				186235382CFEBCD1000CEA16 /* TS_Weather */,
			);
		};
/* End PBXProject section */

/* Begin PBXResourcesBuildPhase section */
		186235372CFEBCD1000CEA16 /* Resources */ = {
			isa = PBXResourcesBuildPhase;
			buildActionMask = 2147483647;
			files = (
				186235492CFEBCD2000CEA16 /* Assets.xcassets in Resources */,
			);
			runOnlyForDeploymentPostprocessing = 0;
		};
/* End PBXResourcesBuildPhase section */

/* Begin PBXSourcesBuildPhase section */
		186235352CFEBCD1000CEA16 /* Sources */ = {
			isa = PBXSourcesBuildPhase;
			buildActionMask = 2147483647;
			files = (
				186235602CFED02B000CEA16 /* ReuseIdentifying.swift in Sources */,
				186235412CFEBCD1000CEA16 /* WeatherViewController.swift in Sources */,
				1862357C2CFF21BF000CEA16 /* Bundle+Extension.swift in Sources */,
				186235792CFF194F000CEA16 /* NetworkingManager.swift in Sources */,
				186235642CFED9EF000CEA16 /* UIView+Extension.swift in Sources */,
				186235472CFEBCD1000CEA16 /* TS_Weather.xcdatamodeld in Sources */,
				1862353D2CFEBCD1000CEA16 /* AppDelegate.swift in Sources */,
				186235662CFEDA1A000CEA16 /* UIStackView+Extension.swift in Sources */,
				1862355E2CFECFD8000CEA16 /* CurrentLocationWeatherCVCell.swift in Sources */,
				1862356B2CFEEBE5000CEA16 /* WeatherForecastListCVCell.swift in Sources */,
				1862357F2D0026F7000CEA16 /* WeatherViewModel.swift in Sources */,
				186235742CFF0F93000CEA16 /* WeatherResponse.swift in Sources */,
				186235692CFEDF27000CEA16 /* WeatherImageCVCell.swift in Sources */,
				1862355B2CFECDCA000CEA16 /* MainView.swift in Sources */,
				1862353F2CFEBCD1000CEA16 /* SceneDelegate.swift in Sources */,
				1862356D2CFEECD8000CEA16 /* WeatherForecastTVCell.swift in Sources */,
			);
			runOnlyForDeploymentPostprocessing = 0;
		};
/* End PBXSourcesBuildPhase section */

/* Begin XCBuildConfiguration section */
		1862354E2CFEBCD2000CEA16 /* Debug */ = {
			isa = XCBuildConfiguration;
			buildSettings = {
				ALWAYS_SEARCH_USER_PATHS = NO;
				ASSETCATALOG_COMPILER_GENERATE_SWIFT_ASSET_SYMBOL_EXTENSIONS = YES;
				CLANG_ANALYZER_NONNULL = YES;
				CLANG_ANALYZER_NUMBER_OBJECT_CONVERSION = YES_AGGRESSIVE;
				CLANG_CXX_LANGUAGE_STANDARD = "gnu++20";
				CLANG_ENABLE_MODULES = YES;
				CLANG_ENABLE_OBJC_ARC = YES;
				CLANG_ENABLE_OBJC_WEAK = YES;
				CLANG_WARN_BLOCK_CAPTURE_AUTORELEASING = YES;
				CLANG_WARN_BOOL_CONVERSION = YES;
				CLANG_WARN_COMMA = YES;
				CLANG_WARN_CONSTANT_CONVERSION = YES;
				CLANG_WARN_DEPRECATED_OBJC_IMPLEMENTATIONS = YES;
				CLANG_WARN_DIRECT_OBJC_ISA_USAGE = YES_ERROR;
				CLANG_WARN_DOCUMENTATION_COMMENTS = YES;
				CLANG_WARN_EMPTY_BODY = YES;
				CLANG_WARN_ENUM_CONVERSION = YES;
				CLANG_WARN_INFINITE_RECURSION = YES;
				CLANG_WARN_INT_CONVERSION = YES;
				CLANG_WARN_NON_LITERAL_NULL_CONVERSION = YES;
				CLANG_WARN_OBJC_IMPLICIT_RETAIN_SELF = YES;
				CLANG_WARN_OBJC_LITERAL_CONVERSION = YES;
				CLANG_WARN_OBJC_ROOT_CLASS = YES_ERROR;
				CLANG_WARN_QUOTED_INCLUDE_IN_FRAMEWORK_HEADER = YES;
				CLANG_WARN_RANGE_LOOP_ANALYSIS = YES;
				CLANG_WARN_STRICT_PROTOTYPES = YES;
				CLANG_WARN_SUSPICIOUS_MOVE = YES;
				CLANG_WARN_UNGUARDED_AVAILABILITY = YES_AGGRESSIVE;
				CLANG_WARN_UNREACHABLE_CODE = YES;
				CLANG_WARN__DUPLICATE_METHOD_MATCH = YES;
				COPY_PHASE_STRIP = NO;
				DEBUG_INFORMATION_FORMAT = dwarf;
				ENABLE_STRICT_OBJC_MSGSEND = YES;
				ENABLE_TESTABILITY = YES;
				ENABLE_USER_SCRIPT_SANDBOXING = YES;
				GCC_C_LANGUAGE_STANDARD = gnu17;
				GCC_DYNAMIC_NO_PIC = NO;
				GCC_NO_COMMON_BLOCKS = YES;
				GCC_OPTIMIZATION_LEVEL = 0;
				GCC_PREPROCESSOR_DEFINITIONS = (
					"DEBUG=1",
					"$(inherited)",
				);
				GCC_WARN_64_TO_32_BIT_CONVERSION = YES;
				GCC_WARN_ABOUT_RETURN_TYPE = YES_ERROR;
				GCC_WARN_UNDECLARED_SELECTOR = YES;
				GCC_WARN_UNINITIALIZED_AUTOS = YES_AGGRESSIVE;
				GCC_WARN_UNUSED_FUNCTION = YES;
				GCC_WARN_UNUSED_VARIABLE = YES;
				IPHONEOS_DEPLOYMENT_TARGET = 15.0;
				LOCALIZATION_PREFERS_STRING_CATALOGS = YES;
				MTL_ENABLE_DEBUG_INFO = INCLUDE_SOURCE;
				MTL_FAST_MATH = YES;
				ONLY_ACTIVE_ARCH = YES;
				SDKROOT = iphoneos;
				SWIFT_ACTIVE_COMPILATION_CONDITIONS = "DEBUG $(inherited)";
				SWIFT_OPTIMIZATION_LEVEL = "-Onone";
			};
			name = Debug;
		};
		1862354F2CFEBCD2000CEA16 /* Release */ = {
			isa = XCBuildConfiguration;
			buildSettings = {
				ALWAYS_SEARCH_USER_PATHS = NO;
				ASSETCATALOG_COMPILER_GENERATE_SWIFT_ASSET_SYMBOL_EXTENSIONS = YES;
				CLANG_ANALYZER_NONNULL = YES;
				CLANG_ANALYZER_NUMBER_OBJECT_CONVERSION = YES_AGGRESSIVE;
				CLANG_CXX_LANGUAGE_STANDARD = "gnu++20";
				CLANG_ENABLE_MODULES = YES;
				CLANG_ENABLE_OBJC_ARC = YES;
				CLANG_ENABLE_OBJC_WEAK = YES;
				CLANG_WARN_BLOCK_CAPTURE_AUTORELEASING = YES;
				CLANG_WARN_BOOL_CONVERSION = YES;
				CLANG_WARN_COMMA = YES;
				CLANG_WARN_CONSTANT_CONVERSION = YES;
				CLANG_WARN_DEPRECATED_OBJC_IMPLEMENTATIONS = YES;
				CLANG_WARN_DIRECT_OBJC_ISA_USAGE = YES_ERROR;
				CLANG_WARN_DOCUMENTATION_COMMENTS = YES;
				CLANG_WARN_EMPTY_BODY = YES;
				CLANG_WARN_ENUM_CONVERSION = YES;
				CLANG_WARN_INFINITE_RECURSION = YES;
				CLANG_WARN_INT_CONVERSION = YES;
				CLANG_WARN_NON_LITERAL_NULL_CONVERSION = YES;
				CLANG_WARN_OBJC_IMPLICIT_RETAIN_SELF = YES;
				CLANG_WARN_OBJC_LITERAL_CONVERSION = YES;
				CLANG_WARN_OBJC_ROOT_CLASS = YES_ERROR;
				CLANG_WARN_QUOTED_INCLUDE_IN_FRAMEWORK_HEADER = YES;
				CLANG_WARN_RANGE_LOOP_ANALYSIS = YES;
				CLANG_WARN_STRICT_PROTOTYPES = YES;
				CLANG_WARN_SUSPICIOUS_MOVE = YES;
				CLANG_WARN_UNGUARDED_AVAILABILITY = YES_AGGRESSIVE;
				CLANG_WARN_UNREACHABLE_CODE = YES;
				CLANG_WARN__DUPLICATE_METHOD_MATCH = YES;
				COPY_PHASE_STRIP = NO;
				DEBUG_INFORMATION_FORMAT = "dwarf-with-dsym";
				ENABLE_NS_ASSERTIONS = NO;
				ENABLE_STRICT_OBJC_MSGSEND = YES;
				ENABLE_USER_SCRIPT_SANDBOXING = YES;
				GCC_C_LANGUAGE_STANDARD = gnu17;
				GCC_NO_COMMON_BLOCKS = YES;
				GCC_WARN_64_TO_32_BIT_CONVERSION = YES;
				GCC_WARN_ABOUT_RETURN_TYPE = YES_ERROR;
				GCC_WARN_UNDECLARED_SELECTOR = YES;
				GCC_WARN_UNINITIALIZED_AUTOS = YES_AGGRESSIVE;
				GCC_WARN_UNUSED_FUNCTION = YES;
				GCC_WARN_UNUSED_VARIABLE = YES;
				IPHONEOS_DEPLOYMENT_TARGET = 15.0;
				LOCALIZATION_PREFERS_STRING_CATALOGS = YES;
				MTL_ENABLE_DEBUG_INFO = NO;
				MTL_FAST_MATH = YES;
				SDKROOT = iphoneos;
				SWIFT_COMPILATION_MODE = wholemodule;
				VALIDATE_PRODUCT = YES;
			};
			name = Release;
		};
		186235512CFEBCD2000CEA16 /* Debug */ = {
			isa = XCBuildConfiguration;
			baseConfigurationReference = 1862357A2CFF1FB8000CEA16 /* Secrets.xcconfig */;
			buildSettings = {
				ASSETCATALOG_COMPILER_APPICON_NAME = AppIcon;
				ASSETCATALOG_COMPILER_GLOBAL_ACCENT_COLOR_NAME = AccentColor;
				CODE_SIGN_STYLE = Automatic;
				CURRENT_PROJECT_VERSION = 1;
				DEVELOPMENT_TEAM = 5Y43RDX3FM;
				GENERATE_INFOPLIST_FILE = YES;
				INFOPLIST_FILE = TS_Weather/Support/Info.plist;
				INFOPLIST_KEY_UIApplicationSupportsIndirectInputEvents = YES;
				INFOPLIST_KEY_UILaunchStoryboardName = LaunchScreen;
				INFOPLIST_KEY_UISupportedInterfaceOrientations = UIInterfaceOrientationPortrait;
				INFOPLIST_KEY_UISupportedInterfaceOrientations_iPad = "UIInterfaceOrientationPortrait UIInterfaceOrientationPortraitUpsideDown";
				IPHONEOS_DEPLOYMENT_TARGET = 15.0;
				LD_RUNPATH_SEARCH_PATHS = (
					"$(inherited)",
					"@executable_path/Frameworks",
				);
				MARKETING_VERSION = 1.0;
				PRODUCT_BUNDLE_IDENTIFIER = "com.sy0201.TS-Weather";
				PRODUCT_NAME = "$(TARGET_NAME)";
				SUPPORTED_PLATFORMS = "iphoneos iphonesimulator";
				SUPPORTS_MACCATALYST = NO;
				SUPPORTS_MAC_DESIGNED_FOR_IPHONE_IPAD = NO;
				SUPPORTS_XR_DESIGNED_FOR_IPHONE_IPAD = NO;
				SWIFT_EMIT_LOC_STRINGS = YES;
				SWIFT_VERSION = 5.0;
				TARGETED_DEVICE_FAMILY = "1,2";
			};
			name = Debug;
		};
		186235522CFEBCD2000CEA16 /* Release */ = {
			isa = XCBuildConfiguration;
			baseConfigurationReference = 1862357A2CFF1FB8000CEA16 /* Secrets.xcconfig */;
			buildSettings = {
				ASSETCATALOG_COMPILER_APPICON_NAME = AppIcon;
				ASSETCATALOG_COMPILER_GLOBAL_ACCENT_COLOR_NAME = AccentColor;
				CODE_SIGN_STYLE = Automatic;
				CURRENT_PROJECT_VERSION = 1;
				DEVELOPMENT_TEAM = 5Y43RDX3FM;
				GENERATE_INFOPLIST_FILE = YES;
				INFOPLIST_FILE = TS_Weather/Support/Info.plist;
				INFOPLIST_KEY_UIApplicationSupportsIndirectInputEvents = YES;
				INFOPLIST_KEY_UILaunchStoryboardName = LaunchScreen;
				INFOPLIST_KEY_UISupportedInterfaceOrientations = UIInterfaceOrientationPortrait;
				INFOPLIST_KEY_UISupportedInterfaceOrientations_iPad = "UIInterfaceOrientationPortrait UIInterfaceOrientationPortraitUpsideDown";
				IPHONEOS_DEPLOYMENT_TARGET = 15.0;
				LD_RUNPATH_SEARCH_PATHS = (
					"$(inherited)",
					"@executable_path/Frameworks",
				);
				MARKETING_VERSION = 1.0;
				PRODUCT_BUNDLE_IDENTIFIER = "com.sy0201.TS-Weather";
				PRODUCT_NAME = "$(TARGET_NAME)";
				SUPPORTED_PLATFORMS = "iphoneos iphonesimulator";
				SUPPORTS_MACCATALYST = NO;
				SUPPORTS_MAC_DESIGNED_FOR_IPHONE_IPAD = NO;
				SUPPORTS_XR_DESIGNED_FOR_IPHONE_IPAD = NO;
				SWIFT_EMIT_LOC_STRINGS = YES;
				SWIFT_VERSION = 5.0;
				TARGETED_DEVICE_FAMILY = "1,2";
			};
			name = Release;
		};
/* End XCBuildConfiguration section */

/* Begin XCConfigurationList section */
		186235342CFEBCD1000CEA16 /* Build configuration list for PBXProject "TS_Weather" */ = {
			isa = XCConfigurationList;
			buildConfigurations = (
				1862354E2CFEBCD2000CEA16 /* Debug */,
				1862354F2CFEBCD2000CEA16 /* Release */,
			);
			defaultConfigurationIsVisible = 0;
			defaultConfigurationName = Release;
		};
		186235502CFEBCD2000CEA16 /* Build configuration list for PBXNativeTarget "TS_Weather" */ = {
			isa = XCConfigurationList;
			buildConfigurations = (
				186235512CFEBCD2000CEA16 /* Debug */,
				186235522CFEBCD2000CEA16 /* Release */,
			);
			defaultConfigurationIsVisible = 0;
			defaultConfigurationName = Release;
		};
/* End XCConfigurationList section */

/* Begin XCRemoteSwiftPackageReference section */
		186235532CFECB63000CEA16 /* XCRemoteSwiftPackageReference "SnapKit" */ = {
			isa = XCRemoteSwiftPackageReference;
			repositoryURL = "https://github.com/SnapKit/SnapKit.git";
			requirement = {
				kind = upToNextMajorVersion;
				minimumVersion = 5.7.1;
			};
		};
/* End XCRemoteSwiftPackageReference section */

/* Begin XCSwiftPackageProductDependency section */
		186235542CFECB63000CEA16 /* SnapKit */ = {
			isa = XCSwiftPackageProductDependency;
			package = 186235532CFECB63000CEA16 /* XCRemoteSwiftPackageReference "SnapKit" */;
			productName = SnapKit;
		};
/* End XCSwiftPackageProductDependency section */

/* Begin XCVersionGroup section */
		186235452CFEBCD1000CEA16 /* TS_Weather.xcdatamodeld */ = {
			isa = XCVersionGroup;
			children = (
				186235462CFEBCD1000CEA16 /* TS_Weather.xcdatamodel */,
			);
			currentVersion = 186235462CFEBCD1000CEA16 /* TS_Weather.xcdatamodel */;
			path = TS_Weather.xcdatamodeld;
			sourceTree = "<group>";
			versionGroupType = wrapper.xcdatamodel;
		};
/* End XCVersionGroup section */
	};
	rootObject = 186235312CFEBCD1000CEA16 /* Project object */;
}
